
Microsoft Visual Studio Solution File, Format Version 12.00
# Visual Studio 15
VisualStudioVersion = 15.0.27703.2047
MinimumVisualStudioVersion = 10.0.40219.1
Project("{2150E333-8FDC-42A3-9474-1A3956D46DE8}") = "src", "src", "{E0833AC3-264F-475E-8B93-0C0B93D18ED8}"
EndProject
Project("{FAE04EC0-301F-11D3-BF4B-00C04F79EFBC}") = "zhidaoSignIn.WebApp", "src\zhidaoSignIn.WebApp\zhidaoSignIn.WebApp.csproj", "{3FEFC5CF-2C6F-4E6A-92F0-4036B1023DBB}"
EndProject
Global
	GlobalSection(SolutionConfigurationPlatforms) = preSolution
		Debug|Any CPU = Debug|Any CPU
		Release|Any CPU = Release|Any CPU
	EndGlobalSection
	GlobalSection(ProjectConfigurationPlatforms) = postSolution
		{3FEFC5CF-2C6F-4E6A-92F0-4036B1023DBB}.Debug|Any CPU.ActiveCfg = Debug|Any CPU
		{3FEFC5CF-2C6F-4E6A-92F0-4036B1023DBB}.Debug|Any CPU.Build.0 = Debug|Any CPU
		{3FEFC5CF-2C6F-4E6A-92F0-4036B1023DBB}.Release|Any CPU.ActiveCfg = Release|Any CPU
		{3FEFC5CF-2C6F-4E6A-92F0-4036B1023DBB}.Release|Any CPU.Build.0 = Release|Any CPU
	EndGlobalSection
	GlobalSection(SolutionProperties) = preSolution
		HideSolutionNode = FALSE
	EndGlobalSection
	GlobalSection(NestedProjects) = preSolution
		{3FEFC5CF-2C6F-4E6A-92F0-4036B1023DBB} = {E0833AC3-264F-475E-8B93-0C0B93D18ED8}
	EndGlobalSection
	GlobalSection(ExtensibilityGlobals) = postSolution
		SolutionGuid = {03844527-9711-47BE-B2D0-87DE3F6DC6FF}
	EndGlobalSection
EndGlobal
